
Microsoft Visual Studio Solution File, Format Version 12.00
# Visual Studio Version 17
VisualStudioVersion = 17.7.34031.279
MinimumVisualStudioVersion = 10.0.40219.1
Project("{FAE04EC0-301F-11D3-BF4B-00C04F79EFBC}") = "Tema8_Calculadora", "Tema8_Calculadora\Tema8_Calculadora.csproj", "{72D5A0E9-8628-4050-ACE8-E730561055FB}"
EndProject
Global
	GlobalSection(SolutionConfigurationPlatforms) = preSolution
		Debug|Any CPU = Debug|Any CPU
		Release|Any CPU = Release|Any CPU
	EndGlobalSection
	GlobalSection(ProjectConfigurationPlatforms) = postSolution
		{72D5A0E9-8628-4050-ACE8-E730561055FB}.Debug|Any CPU.ActiveCfg = Debug|Any CPU
		{72D5A0E9-8628-4050-ACE8-E730561055FB}.Debug|Any CPU.Build.0 = Debug|Any CPU
		{72D5A0E9-8628-4050-ACE8-E730561055FB}.Debug|Any CPU.Deploy.0 = Debug|Any CPU
		{72D5A0E9-8628-4050-ACE8-E730561055FB}.Release|Any CPU.ActiveCfg = Release|Any CPU
		{72D5A0E9-8628-4050-ACE8-E730561055FB}.Release|Any CPU.Build.0 = Release|Any CPU
		{72D5A0E9-8628-4050-ACE8-E730561055FB}.Release|Any CPU.Deploy.0 = Release|Any CPU
	EndGlobalSection
	GlobalSection(SolutionProperties) = preSolution
		HideSolutionNode = FALSE
	EndGlobalSection
	GlobalSection(ExtensibilityGlobals) = postSolution
		SolutionGuid = {674CFED6-D11D-40AC-9B37-607060A96DBF}
	EndGlobalSection
EndGlobal
