
Microsoft Visual Studio Solution File, Format Version 12.00
# Visual Studio Version 17
VisualStudioVersion = 17.8.34330.188
MinimumVisualStudioVersion = 10.0.40219.1
Project("{FAE04EC0-301F-11D3-BF4B-00C04F79EFBC}") = "Maui", "Maui\Maui.csproj", "{F757B8EF-562A-49CD-96FB-2F4197FB74EC}"
EndProject
Project("{FAE04EC0-301F-11D3-BF4B-00C04F79EFBC}") = "BL", "BL\BL.csproj", "{233EE286-5366-4704-B454-211583B59DF8}"
EndProject
Project("{FAE04EC0-301F-11D3-BF4B-00C04F79EFBC}") = "DAL", "DAL\DAL.csproj", "{7C8AB3E6-3283-4094-9FD5-AF21C26B3CAD}"
EndProject
Project("{FAE04EC0-301F-11D3-BF4B-00C04F79EFBC}") = "Entities", "Entities\Entities.csproj", "{7FC365E1-C8CB-495B-AACA-CC3C3522C049}"
EndProject
Global
	GlobalSection(SolutionConfigurationPlatforms) = preSolution
		Debug|Any CPU = Debug|Any CPU
		Release|Any CPU = Release|Any CPU
	EndGlobalSection
	GlobalSection(ProjectConfigurationPlatforms) = postSolution
		{F757B8EF-562A-49CD-96FB-2F4197FB74EC}.Debug|Any CPU.ActiveCfg = Debug|Any CPU
		{F757B8EF-562A-49CD-96FB-2F4197FB74EC}.Debug|Any CPU.Build.0 = Debug|Any CPU
		{F757B8EF-562A-49CD-96FB-2F4197FB74EC}.Debug|Any CPU.Deploy.0 = Debug|Any CPU
		{F757B8EF-562A-49CD-96FB-2F4197FB74EC}.Release|Any CPU.ActiveCfg = Release|Any CPU
		{F757B8EF-562A-49CD-96FB-2F4197FB74EC}.Release|Any CPU.Build.0 = Release|Any CPU
		{F757B8EF-562A-49CD-96FB-2F4197FB74EC}.Release|Any CPU.Deploy.0 = Release|Any CPU
		{233EE286-5366-4704-B454-211583B59DF8}.Debug|Any CPU.ActiveCfg = Debug|Any CPU
		{233EE286-5366-4704-B454-211583B59DF8}.Debug|Any CPU.Build.0 = Debug|Any CPU
		{233EE286-5366-4704-B454-211583B59DF8}.Release|Any CPU.ActiveCfg = Release|Any CPU
		{233EE286-5366-4704-B454-211583B59DF8}.Release|Any CPU.Build.0 = Release|Any CPU
		{7C8AB3E6-3283-4094-9FD5-AF21C26B3CAD}.Debug|Any CPU.ActiveCfg = Debug|Any CPU
		{7C8AB3E6-3283-4094-9FD5-AF21C26B3CAD}.Debug|Any CPU.Build.0 = Debug|Any CPU
		{7C8AB3E6-3283-4094-9FD5-AF21C26B3CAD}.Release|Any CPU.ActiveCfg = Release|Any CPU
		{7C8AB3E6-3283-4094-9FD5-AF21C26B3CAD}.Release|Any CPU.Build.0 = Release|Any CPU
		{7FC365E1-C8CB-495B-AACA-CC3C3522C049}.Debug|Any CPU.ActiveCfg = Debug|Any CPU
		{7FC365E1-C8CB-495B-AACA-CC3C3522C049}.Debug|Any CPU.Build.0 = Debug|Any CPU
		{7FC365E1-C8CB-495B-AACA-CC3C3522C049}.Release|Any CPU.ActiveCfg = Release|Any CPU
		{7FC365E1-C8CB-495B-AACA-CC3C3522C049}.Release|Any CPU.Build.0 = Release|Any CPU
	EndGlobalSection
	GlobalSection(SolutionProperties) = preSolution
		HideSolutionNode = FALSE
	EndGlobalSection
	GlobalSection(ExtensibilityGlobals) = postSolution
		SolutionGuid = {9245B157-744B-4667-839C-8A28CE71E237}
	EndGlobalSection
EndGlobal
