
Microsoft Visual Studio Solution File, Format Version 12.00
# Visual Studio Version 17
VisualStudioVersion = 17.7.34031.279
MinimumVisualStudioVersion = 10.0.40219.1
Project("{9A19103F-16F7-4668-BE54-9A1E7A4F7556}") = "Ejercicio2_FlexLayout", "Tema8\Ejercicio2_FlexLayout.csproj", "{C9538CF4-EEC1-4CDD-8D21-4907C01F2C85}"
EndProject
Project("{9A19103F-16F7-4668-BE54-9A1E7A4F7556}") = "Ejercicio1_StackLayout", "Ejercicio1_StackLayout\Ejercicio1_StackLayout.csproj", "{C9B6BC7C-2466-4285-AACD-DB88FC2B755F}"
EndProject
Global
	GlobalSection(SolutionConfigurationPlatforms) = preSolution
		Debug|Any CPU = Debug|Any CPU
		Release|Any CPU = Release|Any CPU
	EndGlobalSection
	GlobalSection(ProjectConfigurationPlatforms) = postSolution
		{C9538CF4-EEC1-4CDD-8D21-4907C01F2C85}.Debug|Any CPU.ActiveCfg = Debug|Any CPU
		{C9538CF4-EEC1-4CDD-8D21-4907C01F2C85}.Debug|Any CPU.Build.0 = Debug|Any CPU
		{C9538CF4-EEC1-4CDD-8D21-4907C01F2C85}.Debug|Any CPU.Deploy.0 = Debug|Any CPU
		{C9538CF4-EEC1-4CDD-8D21-4907C01F2C85}.Release|Any CPU.ActiveCfg = Release|Any CPU
		{C9538CF4-EEC1-4CDD-8D21-4907C01F2C85}.Release|Any CPU.Build.0 = Release|Any CPU
		{C9538CF4-EEC1-4CDD-8D21-4907C01F2C85}.Release|Any CPU.Deploy.0 = Release|Any CPU
		{C9B6BC7C-2466-4285-AACD-DB88FC2B755F}.Debug|Any CPU.ActiveCfg = Debug|Any CPU
		{C9B6BC7C-2466-4285-AACD-DB88FC2B755F}.Debug|Any CPU.Build.0 = Debug|Any CPU
		{C9B6BC7C-2466-4285-AACD-DB88FC2B755F}.Debug|Any CPU.Deploy.0 = Debug|Any CPU
		{C9B6BC7C-2466-4285-AACD-DB88FC2B755F}.Release|Any CPU.ActiveCfg = Release|Any CPU
		{C9B6BC7C-2466-4285-AACD-DB88FC2B755F}.Release|Any CPU.Build.0 = Release|Any CPU
		{C9B6BC7C-2466-4285-AACD-DB88FC2B755F}.Release|Any CPU.Deploy.0 = Release|Any CPU
	EndGlobalSection
	GlobalSection(SolutionProperties) = preSolution
		HideSolutionNode = FALSE
	EndGlobalSection
	GlobalSection(ExtensibilityGlobals) = postSolution
		SolutionGuid = {347D7D8F-916D-4D87-A54D-F0504A2F6DE2}
	EndGlobalSection
EndGlobal
