
Microsoft Visual Studio Solution File, Format Version 12.00
# Visual Studio Version 17
VisualStudioVersion = 17.8.34330.188
MinimumVisualStudioVersion = 10.0.40219.1
Project("{FAE04EC0-301F-11D3-BF4B-00C04F79EFBC}") = "UI", "UI\UI.csproj", "{D7B7F107-331F-424D-87DE-6AA944332DE7}"
EndProject
Project("{FAE04EC0-301F-11D3-BF4B-00C04F79EFBC}") = "DAL", "DAL\DAL.csproj", "{A36082A2-130C-475B-A685-099818E56B17}"
EndProject
Project("{FAE04EC0-301F-11D3-BF4B-00C04F79EFBC}") = "BL", "BL\BL.csproj", "{021E8FCC-989D-4DC9-AE83-F97D8131E841}"
EndProject
Project("{FAE04EC0-301F-11D3-BF4B-00C04F79EFBC}") = "Entidades", "Entidades\Entidades.csproj", "{056081B8-1802-485D-8BBF-B8D49A545107}"
EndProject
Global
	GlobalSection(SolutionConfigurationPlatforms) = preSolution
		Debug|Any CPU = Debug|Any CPU
		Release|Any CPU = Release|Any CPU
	EndGlobalSection
	GlobalSection(ProjectConfigurationPlatforms) = postSolution
		{D7B7F107-331F-424D-87DE-6AA944332DE7}.Debug|Any CPU.ActiveCfg = Debug|Any CPU
		{D7B7F107-331F-424D-87DE-6AA944332DE7}.Debug|Any CPU.Build.0 = Debug|Any CPU
		{D7B7F107-331F-424D-87DE-6AA944332DE7}.Debug|Any CPU.Deploy.0 = Debug|Any CPU
		{D7B7F107-331F-424D-87DE-6AA944332DE7}.Release|Any CPU.ActiveCfg = Release|Any CPU
		{D7B7F107-331F-424D-87DE-6AA944332DE7}.Release|Any CPU.Build.0 = Release|Any CPU
		{D7B7F107-331F-424D-87DE-6AA944332DE7}.Release|Any CPU.Deploy.0 = Release|Any CPU
		{A36082A2-130C-475B-A685-099818E56B17}.Debug|Any CPU.ActiveCfg = Debug|Any CPU
		{A36082A2-130C-475B-A685-099818E56B17}.Debug|Any CPU.Build.0 = Debug|Any CPU
		{A36082A2-130C-475B-A685-099818E56B17}.Release|Any CPU.ActiveCfg = Release|Any CPU
		{A36082A2-130C-475B-A685-099818E56B17}.Release|Any CPU.Build.0 = Release|Any CPU
		{021E8FCC-989D-4DC9-AE83-F97D8131E841}.Debug|Any CPU.ActiveCfg = Debug|Any CPU
		{021E8FCC-989D-4DC9-AE83-F97D8131E841}.Debug|Any CPU.Build.0 = Debug|Any CPU
		{021E8FCC-989D-4DC9-AE83-F97D8131E841}.Release|Any CPU.ActiveCfg = Release|Any CPU
		{021E8FCC-989D-4DC9-AE83-F97D8131E841}.Release|Any CPU.Build.0 = Release|Any CPU
		{056081B8-1802-485D-8BBF-B8D49A545107}.Debug|Any CPU.ActiveCfg = Debug|Any CPU
		{056081B8-1802-485D-8BBF-B8D49A545107}.Debug|Any CPU.Build.0 = Debug|Any CPU
		{056081B8-1802-485D-8BBF-B8D49A545107}.Release|Any CPU.ActiveCfg = Release|Any CPU
		{056081B8-1802-485D-8BBF-B8D49A545107}.Release|Any CPU.Build.0 = Release|Any CPU
	EndGlobalSection
	GlobalSection(SolutionProperties) = preSolution
		HideSolutionNode = FALSE
	EndGlobalSection
	GlobalSection(ExtensibilityGlobals) = postSolution
		SolutionGuid = {2AA0C99F-91C9-4FAB-A7FD-2B4C22A1A935}
	EndGlobalSection
EndGlobal
