
Microsoft Visual Studio Solution File, Format Version 12.00
# Visual Studio Version 17
VisualStudioVersion = 17.7.34031.279
MinimumVisualStudioVersion = 10.0.40219.1
Project("{9A19103F-16F7-4668-BE54-9A1E7A4F7556}") = "Ejercicio1", "Ejercicio1\Ejercicio1.csproj", "{A6DCB949-A3E8-4D36-A9ED-75FDD2B16019}"
EndProject
Project("{9A19103F-16F7-4668-BE54-9A1E7A4F7556}") = "Ejercicio2", "Ejercicio2\Ejercicio2.csproj", "{5DBD2679-83BA-46F1-8797-38AF9CA6BC1C}"
EndProject
Project("{9A19103F-16F7-4668-BE54-9A1E7A4F7556}") = "Biblioteca", "Biblioteca\Biblioteca.csproj", "{CCC14F4E-6783-4FAF-923D-5BF2AA2C8AF6}"
EndProject
Project("{9A19103F-16F7-4668-BE54-9A1E7A4F7556}") = "Ejercicio4", "Ejercicio4\Ejercicio4.csproj", "{410EB9B8-1889-4915-AE36-7C62C52C205E}"
EndProject
Project("{FAE04EC0-301F-11D3-BF4B-00C04F79EFBC}") = "EjemploShell", "EjemploShell\EjemploShell.csproj", "{FBBFE008-2CEF-4CC6-8FBE-F19104F4AF48}"
EndProject
Global
	GlobalSection(SolutionConfigurationPlatforms) = preSolution
		Debug|Any CPU = Debug|Any CPU
		Release|Any CPU = Release|Any CPU
	EndGlobalSection
	GlobalSection(ProjectConfigurationPlatforms) = postSolution
		{A6DCB949-A3E8-4D36-A9ED-75FDD2B16019}.Debug|Any CPU.ActiveCfg = Debug|Any CPU
		{A6DCB949-A3E8-4D36-A9ED-75FDD2B16019}.Debug|Any CPU.Build.0 = Debug|Any CPU
		{A6DCB949-A3E8-4D36-A9ED-75FDD2B16019}.Debug|Any CPU.Deploy.0 = Debug|Any CPU
		{A6DCB949-A3E8-4D36-A9ED-75FDD2B16019}.Release|Any CPU.ActiveCfg = Release|Any CPU
		{A6DCB949-A3E8-4D36-A9ED-75FDD2B16019}.Release|Any CPU.Build.0 = Release|Any CPU
		{A6DCB949-A3E8-4D36-A9ED-75FDD2B16019}.Release|Any CPU.Deploy.0 = Release|Any CPU
		{5DBD2679-83BA-46F1-8797-38AF9CA6BC1C}.Debug|Any CPU.ActiveCfg = Debug|Any CPU
		{5DBD2679-83BA-46F1-8797-38AF9CA6BC1C}.Debug|Any CPU.Build.0 = Debug|Any CPU
		{5DBD2679-83BA-46F1-8797-38AF9CA6BC1C}.Debug|Any CPU.Deploy.0 = Debug|Any CPU
		{5DBD2679-83BA-46F1-8797-38AF9CA6BC1C}.Release|Any CPU.ActiveCfg = Release|Any CPU
		{5DBD2679-83BA-46F1-8797-38AF9CA6BC1C}.Release|Any CPU.Build.0 = Release|Any CPU
		{5DBD2679-83BA-46F1-8797-38AF9CA6BC1C}.Release|Any CPU.Deploy.0 = Release|Any CPU
		{CCC14F4E-6783-4FAF-923D-5BF2AA2C8AF6}.Debug|Any CPU.ActiveCfg = Debug|Any CPU
		{CCC14F4E-6783-4FAF-923D-5BF2AA2C8AF6}.Debug|Any CPU.Build.0 = Debug|Any CPU
		{CCC14F4E-6783-4FAF-923D-5BF2AA2C8AF6}.Release|Any CPU.ActiveCfg = Release|Any CPU
		{CCC14F4E-6783-4FAF-923D-5BF2AA2C8AF6}.Release|Any CPU.Build.0 = Release|Any CPU
		{410EB9B8-1889-4915-AE36-7C62C52C205E}.Debug|Any CPU.ActiveCfg = Debug|Any CPU
		{410EB9B8-1889-4915-AE36-7C62C52C205E}.Debug|Any CPU.Build.0 = Debug|Any CPU
		{410EB9B8-1889-4915-AE36-7C62C52C205E}.Debug|Any CPU.Deploy.0 = Debug|Any CPU
		{410EB9B8-1889-4915-AE36-7C62C52C205E}.Release|Any CPU.ActiveCfg = Release|Any CPU
		{410EB9B8-1889-4915-AE36-7C62C52C205E}.Release|Any CPU.Build.0 = Release|Any CPU
		{410EB9B8-1889-4915-AE36-7C62C52C205E}.Release|Any CPU.Deploy.0 = Release|Any CPU
		{FBBFE008-2CEF-4CC6-8FBE-F19104F4AF48}.Debug|Any CPU.ActiveCfg = Debug|Any CPU
		{FBBFE008-2CEF-4CC6-8FBE-F19104F4AF48}.Debug|Any CPU.Build.0 = Debug|Any CPU
		{FBBFE008-2CEF-4CC6-8FBE-F19104F4AF48}.Debug|Any CPU.Deploy.0 = Debug|Any CPU
		{FBBFE008-2CEF-4CC6-8FBE-F19104F4AF48}.Release|Any CPU.ActiveCfg = Release|Any CPU
		{FBBFE008-2CEF-4CC6-8FBE-F19104F4AF48}.Release|Any CPU.Build.0 = Release|Any CPU
		{FBBFE008-2CEF-4CC6-8FBE-F19104F4AF48}.Release|Any CPU.Deploy.0 = Release|Any CPU
	EndGlobalSection
	GlobalSection(SolutionProperties) = preSolution
		HideSolutionNode = FALSE
	EndGlobalSection
	GlobalSection(ExtensibilityGlobals) = postSolution
		SolutionGuid = {8F5A72D7-B1BB-4F4E-91FF-E56D5745F885}
	EndGlobalSection
EndGlobal
